
Microsoft Visual Studio Solution File, Format Version 12.00
# Visual Studio Version 17
VisualStudioVersion = 17.9.34607.119
MinimumVisualStudioVersion = 10.0.40219.1
Project("{FAE04EC0-301F-11D3-BF4B-00C04F79EFBC}") = "Task07-3", "Task07-3\Task07-3.csproj", "{60FC7BBC-525E-4B16-B920-91DEA8F29483}"
EndProject
Global
	GlobalSection(SolutionConfigurationPlatforms) = preSolution
		Debug|Any CPU = Debug|Any CPU
		Release|Any CPU = Release|Any CPU
	EndGlobalSection
	GlobalSection(ProjectConfigurationPlatforms) = postSolution
		{60FC7BBC-525E-4B16-B920-91DEA8F29483}.Debug|Any CPU.ActiveCfg = Debug|Any CPU
		{60FC7BBC-525E-4B16-B920-91DEA8F29483}.Debug|Any CPU.Build.0 = Debug|Any CPU
		{60FC7BBC-525E-4B16-B920-91DEA8F29483}.Release|Any CPU.ActiveCfg = Release|Any CPU
		{60FC7BBC-525E-4B16-B920-91DEA8F29483}.Release|Any CPU.Build.0 = Release|Any CPU
	EndGlobalSection
	GlobalSection(SolutionProperties) = preSolution
		HideSolutionNode = FALSE
	EndGlobalSection
	GlobalSection(ExtensibilityGlobals) = postSolution
		SolutionGuid = {C7B2E871-4955-443A-9FB1-FCB585C273DB}
	EndGlobalSection
EndGlobal
