
Microsoft Visual Studio Solution File, Format Version 12.00
# Visual Studio Version 17
VisualStudioVersion = 17.9.34607.119
MinimumVisualStudioVersion = 10.0.40219.1
Project("{FAE04EC0-301F-11D3-BF4B-00C04F79EFBC}") = "Example", "Example\Example.csproj", "{5B178A01-7A7E-4BBD-84F7-EF86E4383667}"
EndProject
Global
	GlobalSection(SolutionConfigurationPlatforms) = preSolution
		Debug|Any CPU = Debug|Any CPU
		Release|Any CPU = Release|Any CPU
	EndGlobalSection
	GlobalSection(ProjectConfigurationPlatforms) = postSolution
		{5B178A01-7A7E-4BBD-84F7-EF86E4383667}.Debug|Any CPU.ActiveCfg = Debug|Any CPU
		{5B178A01-7A7E-4BBD-84F7-EF86E4383667}.Debug|Any CPU.Build.0 = Debug|Any CPU
		{5B178A01-7A7E-4BBD-84F7-EF86E4383667}.Release|Any CPU.ActiveCfg = Release|Any CPU
		{5B178A01-7A7E-4BBD-84F7-EF86E4383667}.Release|Any CPU.Build.0 = Release|Any CPU
	EndGlobalSection
	GlobalSection(SolutionProperties) = preSolution
		HideSolutionNode = FALSE
	EndGlobalSection
	GlobalSection(ExtensibilityGlobals) = postSolution
		SolutionGuid = {7765BFBC-D6AB-43A4-91AF-FA707D77E11F}
	EndGlobalSection
EndGlobal
